
Microsoft Visual Studio Solution File, Format Version 12.00
# Visual Studio 15
VisualStudioVersion = 15.0.26730.15
MinimumVisualStudioVersion = 10.0.40219.1
Project("{FAE04EC0-301F-11D3-BF4B-00C04F79EFBC}") = "Funeraria", "Funeraria\Funeraria.csproj", "{92564814-1AF7-4C07-A7D0-D0D373EAFCB2}"
EndProject
Project("{FAE04EC0-301F-11D3-BF4B-00C04F79EFBC}") = "Funeraria.test", "Funeraria.test\Funeraria.test.csproj", "{F1158FB6-8E44-4822-ADEC-6DB8BB2AC7F4}"
EndProject
Global
	GlobalSection(SolutionConfigurationPlatforms) = preSolution
		Debug|Any CPU = Debug|Any CPU
		Release|Any CPU = Release|Any CPU
	EndGlobalSection
	GlobalSection(ProjectConfigurationPlatforms) = postSolution
		{92564814-1AF7-4C07-A7D0-D0D373EAFCB2}.Debug|Any CPU.ActiveCfg = Debug|Any CPU
		{92564814-1AF7-4C07-A7D0-D0D373EAFCB2}.Debug|Any CPU.Build.0 = Debug|Any CPU
		{92564814-1AF7-4C07-A7D0-D0D373EAFCB2}.Release|Any CPU.ActiveCfg = Release|Any CPU
		{92564814-1AF7-4C07-A7D0-D0D373EAFCB2}.Release|Any CPU.Build.0 = Release|Any CPU
		{F1158FB6-8E44-4822-ADEC-6DB8BB2AC7F4}.Debug|Any CPU.ActiveCfg = Debug|Any CPU
		{F1158FB6-8E44-4822-ADEC-6DB8BB2AC7F4}.Debug|Any CPU.Build.0 = Debug|Any CPU
		{F1158FB6-8E44-4822-ADEC-6DB8BB2AC7F4}.Release|Any CPU.ActiveCfg = Release|Any CPU
		{F1158FB6-8E44-4822-ADEC-6DB8BB2AC7F4}.Release|Any CPU.Build.0 = Release|Any CPU
	EndGlobalSection
	GlobalSection(SolutionProperties) = preSolution
		HideSolutionNode = FALSE
	EndGlobalSection
	GlobalSection(ExtensibilityGlobals) = postSolution
		SolutionGuid = {A79201D2-390B-4917-96FB-8B9C7123C0B1}
	EndGlobalSection
EndGlobal
